// !$*UTF8*$!
{
	archiveVersion = 1;
	classes = {
	};
	objectVersion = 46;
	objects = {

/* Begin PBXBuildFile section */
		FBD015781BA0C99700E8299A /* main.m in Sources */ = {isa = PBXBuildFile; fileRef = FBD015771BA0C99700E8299A /* main.m */; };
		FBD0157B1BA0C99700E8299A /* AppDelegate.m in Sources */ = {isa = PBXBuildFile; fileRef = FBD0157A1BA0C99700E8299A /* AppDelegate.m */; };
		FBD015811BA0C99700E8299A /* Main.storyboard in Resources */ = {isa = PBXBuildFile; fileRef = FBD0157F1BA0C99700E8299A /* Main.storyboard */; };
		FBD015831BA0C99700E8299A /* Images.xcassets in Resources */ = {isa = PBXBuildFile; fileRef = FBD015821BA0C99700E8299A /* Images.xcassets */; };
		FBD015861BA0C99700E8299A /* LaunchScreen.xib in Resources */ = {isa = PBXBuildFile; fileRef = FBD015841BA0C99700E8299A /* LaunchScreen.xib */; };
		FBD015921BA0C99800E8299A /* TWCTests.m in Sources */ = {isa = PBXBuildFile; fileRef = FBD015911BA0C99800E8299A /* TWCTests.m */; };
		FBD0159C1BA0C9F500E8299A /* 100.png in Resources */ = {isa = PBXBuildFile; fileRef = FBD0159B1BA0C9F500E8299A /* 100.png */; };
		FBD015A01BA0CAD300E8299A /* TWCTableViewCell.m in Sources */ = {isa = PBXBuildFile; fileRef = FBD0159F1BA0CAD300E8299A /* TWCTableViewCell.m */; };
		FBD015A31BA0CAEA00E8299A /* TWCTableViewController.m in Sources */ = {isa = PBXBuildFile; fileRef = FBD015A21BA0CAEA00E8299A /* TWCTableViewController.m */; };
		FBD015A61BA0CCCE00E8299A /* BackendUtility.m in Sources */ = {isa = PBXBuildFile; fileRef = FBD015A51BA0CCCE00E8299A /* BackendUtility.m */; };
/* End PBXBuildFile section */

/* Begin PBXContainerItemProxy section */
		FBD0158C1BA0C99700E8299A /* PBXContainerItemProxy */ = {
			isa = PBXContainerItemProxy;
			containerPortal = FBD0156A1BA0C99700E8299A /* Project object */;
			proxyType = 1;
			remoteGlobalIDString = FBD015711BA0C99700E8299A;
			remoteInfo = TWC;
		};
/* End PBXContainerItemProxy section */

/* Begin PBXFileReference section */
		FBD015721BA0C99700E8299A /* TWC.app */ = {isa = PBXFileReference; explicitFileType = wrapper.application; includeInIndex = 0; path = TWC.app; sourceTree = BUILT_PRODUCTS_DIR; };
		FBD015761BA0C99700E8299A /* Info.plist */ = {isa = PBXFileReference; lastKnownFileType = text.plist.xml; path = Info.plist; sourceTree = "<group>"; };
		FBD015771BA0C99700E8299A /* main.m */ = {isa = PBXFileReference; lastKnownFileType = sourcecode.c.objc; path = main.m; sourceTree = "<group>"; };
		FBD015791BA0C99700E8299A /* AppDelegate.h */ = {isa = PBXFileReference; lastKnownFileType = sourcecode.c.h; path = AppDelegate.h; sourceTree = "<group>"; };
		FBD0157A1BA0C99700E8299A /* AppDelegate.m */ = {isa = PBXFileReference; lastKnownFileType = sourcecode.c.objc; path = AppDelegate.m; sourceTree = "<group>"; };
		FBD015801BA0C99700E8299A /* Base */ = {isa = PBXFileReference; lastKnownFileType = file.storyboard; name = Base; path = Base.lproj/Main.storyboard; sourceTree = "<group>"; };
		FBD015821BA0C99700E8299A /* Images.xcassets */ = {isa = PBXFileReference; lastKnownFileType = folder.assetcatalog; path = Images.xcassets; sourceTree = "<group>"; };
		FBD015851BA0C99700E8299A /* Base */ = {isa = PBXFileReference; lastKnownFileType = file.xib; name = Base; path = Base.lproj/LaunchScreen.xib; sourceTree = "<group>"; };
		FBD0158B1BA0C99700E8299A /* TWCTests.xctest */ = {isa = PBXFileReference; explicitFileType = wrapper.cfbundle; includeInIndex = 0; path = TWCTests.xctest; sourceTree = BUILT_PRODUCTS_DIR; };
		FBD015901BA0C99800E8299A /* Info.plist */ = {isa = PBXFileReference; lastKnownFileType = text.plist.xml; path = Info.plist; sourceTree = "<group>"; };
		FBD015911BA0C99800E8299A /* TWCTests.m */ = {isa = PBXFileReference; lastKnownFileType = sourcecode.c.objc; path = TWCTests.m; sourceTree = "<group>"; };
		FBD0159B1BA0C9F500E8299A /* 100.png */ = {isa = PBXFileReference; lastKnownFileType = image.png; name = 100.png; path = TWC/100.png; sourceTree = "<group>"; };
		FBD0159E1BA0CAD300E8299A /* TWCTableViewCell.h */ = {isa = PBXFileReference; fileEncoding = 4; lastKnownFileType = sourcecode.c.h; name = TWCTableViewCell.h; path = Cell/TWCTableViewCell.h; sourceTree = "<group>"; };
		FBD0159F1BA0CAD300E8299A /* TWCTableViewCell.m */ = {isa = PBXFileReference; fileEncoding = 4; lastKnownFileType = sourcecode.c.objc; name = TWCTableViewCell.m; path = Cell/TWCTableViewCell.m; sourceTree = "<group>"; };
		FBD015A11BA0CAEA00E8299A /* TWCTableViewController.h */ = {isa = PBXFileReference; fileEncoding = 4; lastKnownFileType = sourcecode.c.h; path = TWCTableViewController.h; sourceTree = "<group>"; };
		FBD015A21BA0CAEA00E8299A /* TWCTableViewController.m */ = {isa = PBXFileReference; fileEncoding = 4; lastKnownFileType = sourcecode.c.objc; path = TWCTableViewController.m; sourceTree = "<group>"; };
		FBD015A41BA0CCCE00E8299A /* BackendUtility.h */ = {isa = PBXFileReference; fileEncoding = 4; lastKnownFileType = sourcecode.c.h; path = BackendUtility.h; sourceTree = "<group>"; };
		FBD015A51BA0CCCE00E8299A /* BackendUtility.m */ = {isa = PBXFileReference; fileEncoding = 4; lastKnownFileType = sourcecode.c.objc; path = BackendUtility.m; sourceTree = "<group>"; };
/* End PBXFileReference section */

/* Begin PBXFrameworksBuildPhase section */
		FBD0156F1BA0C99700E8299A /* Frameworks */ = {
			isa = PBXFrameworksBuildPhase;
			buildActionMask = 2147483647;
			files = (
			);
			runOnlyForDeploymentPostprocessing = 0;
		};
		FBD015881BA0C99700E8299A /* Frameworks */ = {
			isa = PBXFrameworksBuildPhase;
			buildActionMask = 2147483647;
			files = (
			);
			runOnlyForDeploymentPostprocessing = 0;
		};
/* End PBXFrameworksBuildPhase section */

/* Begin PBXGroup section */
		FBD015691BA0C99700E8299A = {
			isa = PBXGroup;
			children = (
				FBD0159B1BA0C9F500E8299A /* 100.png */,
				FBD015741BA0C99700E8299A /* TWC */,
				FBD0158E1BA0C99700E8299A /* TWCTests */,
				FBD015731BA0C99700E8299A /* Products */,
			);
			sourceTree = "<group>";
		};
		FBD015731BA0C99700E8299A /* Products */ = {
			isa = PBXGroup;
			children = (
				FBD015721BA0C99700E8299A /* TWC.app */,
				FBD0158B1BA0C99700E8299A /* TWCTests.xctest */,
			);
			name = Products;
			sourceTree = "<group>";
		};
		FBD015741BA0C99700E8299A /* TWC */ = {
			isa = PBXGroup;
			children = (
				FBD015A41BA0CCCE00E8299A /* BackendUtility.h */,
				FBD015A51BA0CCCE00E8299A /* BackendUtility.m */,
				FBD0159D1BA0CAB400E8299A /* Cell */,
				FBD015791BA0C99700E8299A /* AppDelegate.h */,
				FBD0157A1BA0C99700E8299A /* AppDelegate.m */,
				FBD015A11BA0CAEA00E8299A /* TWCTableViewController.h */,
				FBD015A21BA0CAEA00E8299A /* TWCTableViewController.m */,
				FBD0157F1BA0C99700E8299A /* Main.storyboard */,
				FBD015821BA0C99700E8299A /* Images.xcassets */,
				FBD015841BA0C99700E8299A /* LaunchScreen.xib */,
				FBD015751BA0C99700E8299A /* Supporting Files */,
			);
			path = TWC;
			sourceTree = "<group>";
		};
		FBD015751BA0C99700E8299A /* Supporting Files */ = {
			isa = PBXGroup;
			children = (
				FBD015761BA0C99700E8299A /* Info.plist */,
				FBD015771BA0C99700E8299A /* main.m */,
			);
			name = "Supporting Files";
			sourceTree = "<group>";
		};
		FBD0158E1BA0C99700E8299A /* TWCTests */ = {
			isa = PBXGroup;
			children = (
				FBD015911BA0C99800E8299A /* TWCTests.m */,
				FBD0158F1BA0C99800E8299A /* Supporting Files */,
			);
			path = TWCTests;
			sourceTree = "<group>";
		};
		FBD0158F1BA0C99800E8299A /* Supporting Files */ = {
			isa = PBXGroup;
			children = (
				FBD015901BA0C99800E8299A /* Info.plist */,
			);
			name = "Supporting Files";
			sourceTree = "<group>";
		};
		FBD0159D1BA0CAB400E8299A /* Cell */ = {
			isa = PBXGroup;
			children = (
				FBD0159E1BA0CAD300E8299A /* TWCTableViewCell.h */,
				FBD0159F1BA0CAD300E8299A /* TWCTableViewCell.m */,
			);
			name = Cell;
			sourceTree = "<group>";
		};
/* End PBXGroup section */

/* Begin PBXNativeTarget section */
		FBD015711BA0C99700E8299A /* TWC */ = {
			isa = PBXNativeTarget;
			buildConfigurationList = FBD015951BA0C99800E8299A /* Build configuration list for PBXNativeTarget "TWC" */;
			buildPhases = (
				FBD0156E1BA0C99700E8299A /* Sources */,
				FBD0156F1BA0C99700E8299A /* Frameworks */,
				FBD015701BA0C99700E8299A /* Resources */,
			);
			buildRules = (
			);
			dependencies = (
			);
			name = TWC;
			productName = TWC;
			productReference = FBD015721BA0C99700E8299A /* TWC.app */;
			productType = "com.apple.product-type.application";
		};
		FBD0158A1BA0C99700E8299A /* TWCTests */ = {
			isa = PBXNativeTarget;
			buildConfigurationList = FBD015981BA0C99800E8299A /* Build configuration list for PBXNativeTarget "TWCTests" */;
			buildPhases = (
				FBD015871BA0C99700E8299A /* Sources */,
				FBD015881BA0C99700E8299A /* Frameworks */,
				FBD015891BA0C99700E8299A /* Resources */,
			);
			buildRules = (
			);
			dependencies = (
				FBD0158D1BA0C99700E8299A /* PBXTargetDependency */,
			);
			name = TWCTests;
			productName = TWCTests;
			productReference = FBD0158B1BA0C99700E8299A /* TWCTests.xctest */;
			productType = "com.apple.product-type.bundle.unit-test";
		};
/* End PBXNativeTarget section */

/* Begin PBXProject section */
		FBD0156A1BA0C99700E8299A /* Project object */ = {
			isa = PBXProject;
			attributes = {
				LastUpgradeCheck = 0640;
				ORGANIZATIONNAME = "Anudeep Rastogi";
				TargetAttributes = {
					FBD015711BA0C99700E8299A = {
						CreatedOnToolsVersion = 6.4;
					};
					FBD0158A1BA0C99700E8299A = {
						CreatedOnToolsVersion = 6.4;
						TestTargetID = FBD015711BA0C99700E8299A;
					};
				};
			};
			buildConfigurationList = FBD0156D1BA0C99700E8299A /* Build configuration list for PBXProject "TWC" */;
			compatibilityVersion = "Xcode 3.2";
			developmentRegion = English;
			hasScannedForEncodings = 0;
			knownRegions = (
				en,
				Base,
			);
			mainGroup = FBD015691BA0C99700E8299A;
			productRefGroup = FBD015731BA0C99700E8299A /* Products */;
			projectDirPath = "";
			projectRoot = "";
			targets = (
				FBD015711BA0C99700E8299A /* TWC */,
				FBD0158A1BA0C99700E8299A /* TWCTests */,
			);
		};
/* End PBXProject section */

/* Begin PBXResourcesBuildPhase section */
		FBD015701BA0C99700E8299A /* Resources */ = {
			isa = PBXResourcesBuildPhase;
			buildActionMask = 2147483647;
			files = (
				FBD015811BA0C99700E8299A /* Main.storyboard in Resources */,
				FBD015861BA0C99700E8299A /* LaunchScreen.xib in Resources */,
				FBD015831BA0C99700E8299A /* Images.xcassets in Resources */,
				FBD0159C1BA0C9F500E8299A /* 100.png in Resources */,
			);
			runOnlyForDeploymentPostprocessing = 0;
		};
		FBD015891BA0C99700E8299A /* Resources */ = {
			isa = PBXResourcesBuildPhase;
			buildActionMask = 2147483647;
			files = (
			);
			runOnlyForDeploymentPostprocessing = 0;
		};
/* End PBXResourcesBuildPhase section */

/* Begin PBXSourcesBuildPhase section */
		FBD0156E1BA0C99700E8299A /* Sources */ = {
			isa = PBXSourcesBuildPhase;
			buildActionMask = 2147483647;
			files = (
				FBD015A31BA0CAEA00E8299A /* TWCTableViewController.m in Sources */,
				FBD015A61BA0CCCE00E8299A /* BackendUtility.m in Sources */,
				FBD015A01BA0CAD300E8299A /* TWCTableViewCell.m in Sources */,
				FBD0157B1BA0C99700E8299A /* AppDelegate.m in Sources */,
				FBD015781BA0C99700E8299A /* main.m in Sources */,
			);
			runOnlyForDeploymentPostprocessing = 0;
		};
		FBD015871BA0C99700E8299A /* Sources */ = {
			isa = PBXSourcesBuildPhase;
			buildActionMask = 2147483647;
			files = (
				FBD015921BA0C99800E8299A /* TWCTests.m in Sources */,
			);
			runOnlyForDeploymentPostprocessing = 0;
		};
/* End PBXSourcesBuildPhase section */

/* Begin PBXTargetDependency section */
		FBD0158D1BA0C99700E8299A /* PBXTargetDependency */ = {
			isa = PBXTargetDependency;
			target = FBD015711BA0C99700E8299A /* TWC */;
			targetProxy = FBD0158C1BA0C99700E8299A /* PBXContainerItemProxy */;
		};
/* End PBXTargetDependency section */

/* Begin PBXVariantGroup section */
		FBD0157F1BA0C99700E8299A /* Main.storyboard */ = {
			isa = PBXVariantGroup;
			children = (
				FBD015801BA0C99700E8299A /* Base */,
			);
			name = Main.storyboard;
			sourceTree = "<group>";
		};
		FBD015841BA0C99700E8299A /* LaunchScreen.xib */ = {
			isa = PBXVariantGroup;
			children = (
				FBD015851BA0C99700E8299A /* Base */,
			);
			name = LaunchScreen.xib;
			sourceTree = "<group>";
		};
/* End PBXVariantGroup section */

/* Begin XCBuildConfiguration section */
		FBD015931BA0C99800E8299A /* Debug */ = {
			isa = XCBuildConfiguration;
			buildSettings = {
				ALWAYS_SEARCH_USER_PATHS = NO;
				CLANG_CXX_LANGUAGE_STANDARD = "gnu++0x";
				CLANG_CXX_LIBRARY = "libc++";
				CLANG_ENABLE_MODULES = YES;
				CLANG_ENABLE_OBJC_ARC = YES;
				CLANG_WARN_BOOL_CONVERSION = YES;
				CLANG_WARN_CONSTANT_CONVERSION = YES;
				CLANG_WARN_DIRECT_OBJC_ISA_USAGE = YES_ERROR;
				CLANG_WARN_EMPTY_BODY = YES;
				CLANG_WARN_ENUM_CONVERSION = YES;
				CLANG_WARN_INT_CONVERSION = YES;
				CLANG_WARN_OBJC_ROOT_CLASS = YES_ERROR;
				CLANG_WARN_UNREACHABLE_CODE = YES;
				CLANG_WARN__DUPLICATE_METHOD_MATCH = YES;
				"CODE_SIGN_IDENTITY[sdk=iphoneos*]" = "iPhone Developer";
				COPY_PHASE_STRIP = NO;
				DEBUG_INFORMATION_FORMAT = "dwarf-with-dsym";
				ENABLE_STRICT_OBJC_MSGSEND = YES;
				GCC_C_LANGUAGE_STANDARD = gnu99;
				GCC_DYNAMIC_NO_PIC = NO;
				GCC_NO_COMMON_BLOCKS = YES;
				GCC_OPTIMIZATION_LEVEL = 0;
				GCC_PREPROCESSOR_DEFINITIONS = (
					"DEBUG=1",
					"$(inherited)",
				);
				GCC_SYMBOLS_PRIVATE_EXTERN = NO;
				GCC_WARN_64_TO_32_BIT_CONVERSION = YES;
				GCC_WARN_ABOUT_RETURN_TYPE = YES_ERROR;
				GCC_WARN_UNDECLARED_SELECTOR = YES;
				GCC_WARN_UNINITIALIZED_AUTOS = YES_AGGRESSIVE;
				GCC_WARN_UNUSED_FUNCTION = YES;
				GCC_WARN_UNUSED_VARIABLE = YES;
				IPHONEOS_DEPLOYMENT_TARGET = 8.4;
				MTL_ENABLE_DEBUG_INFO = YES;
				ONLY_ACTIVE_ARCH = YES;
				SDKROOT = iphoneos;
				TARGETED_DEVICE_FAMILY = "1,2";
			};
			name = Debug;
		};
		FBD015941BA0C99800E8299A /* Release */ = {
			isa = XCBuildConfiguration;
			buildSettings = {
				ALWAYS_SEARCH_USER_PATHS = NO;
				CLANG_CXX_LANGUAGE_STANDARD = "gnu++0x";
				CLANG_CXX_LIBRARY = "libc++";
				CLANG_ENABLE_MODULES = YES;
				CLANG_ENABLE_OBJC_ARC = YES;
				CLANG_WARN_BOOL_CONVERSION = YES;
				CLANG_WARN_CONSTANT_CONVERSION = YES;
				CLANG_WARN_DIRECT_OBJC_ISA_USAGE = YES_ERROR;
				CLANG_WARN_EMPTY_BODY = YES;
				CLANG_WARN_ENUM_CONVERSION = YES;
				CLANG_WARN_INT_CONVERSION = YES;
				CLANG_WARN_OBJC_ROOT_CLASS = YES_ERROR;
				CLANG_WARN_UNREACHABLE_CODE = YES;
				CLANG_WARN__DUPLICATE_METHOD_MATCH = YES;
				"CODE_SIGN_IDENTITY[sdk=iphoneos*]" = "iPhone Developer";
				COPY_PHASE_STRIP = NO;
				DEBUG_INFORMATION_FORMAT = "dwarf-with-dsym";
				ENABLE_NS_ASSERTIONS = NO;
				ENABLE_STRICT_OBJC_MSGSEND = YES;
				GCC_C_LANGUAGE_STANDARD = gnu99;
				GCC_NO_COMMON_BLOCKS = YES;
				GCC_WARN_64_TO_32_BIT_CONVERSION = YES;
				GCC_WARN_ABOUT_RETURN_TYPE = YES_ERROR;
				GCC_WARN_UNDECLARED_SELECTOR = YES;
				GCC_WARN_UNINITIALIZED_AUTOS = YES_AGGRESSIVE;
				GCC_WARN_UNUSED_FUNCTION = YES;
				GCC_WARN_UNUSED_VARIABLE = YES;
				IPHONEOS_DEPLOYMENT_TARGET = 8.4;
				MTL_ENABLE_DEBUG_INFO = NO;
				SDKROOT = iphoneos;
				TARGETED_DEVICE_FAMILY = "1,2";
				VALIDATE_PRODUCT = YES;
			};
			name = Release;
		};
		FBD015961BA0C99800E8299A /* Debug */ = {
			isa = XCBuildConfiguration;
			buildSettings = {
				ASSETCATALOG_COMPILER_APPICON_NAME = AppIcon;
				INFOPLIST_FILE = TWC/Info.plist;
				LD_RUNPATH_SEARCH_PATHS = "$(inherited) @executable_path/Frameworks";
				PRODUCT_NAME = "$(TARGET_NAME)";
			};
			name = Debug;
		};
		FBD015971BA0C99800E8299A /* Release */ = {
			isa = XCBuildConfiguration;
			buildSettings = {
				ASSETCATALOG_COMPILER_APPICON_NAME = AppIcon;
				INFOPLIST_FILE = TWC/Info.plist;
				LD_RUNPATH_SEARCH_PATHS = "$(inherited) @executable_path/Frameworks";
				PRODUCT_NAME = "$(TARGET_NAME)";
			};
			name = Release;
		};
		FBD015991BA0C99800E8299A /* Debug */ = {
			isa = XCBuildConfiguration;
			buildSettings = {
				BUNDLE_LOADER = "$(TEST_HOST)";
				FRAMEWORK_SEARCH_PATHS = (
					"$(SDKROOT)/Developer/Library/Frameworks",
					"$(inherited)",
				);
				GCC_PREPROCESSOR_DEFINITIONS = (
					"DEBUG=1",
					"$(inherited)",
				);
				INFOPLIST_FILE = TWCTests/Info.plist;
				LD_RUNPATH_SEARCH_PATHS = "$(inherited) @executable_path/Frameworks @loader_path/Frameworks";
				PRODUCT_NAME = "$(TARGET_NAME)";
				TEST_HOST = "$(BUILT_PRODUCTS_DIR)/TWC.app/TWC";
			};
			name = Debug;
		};
		FBD0159A1BA0C99800E8299A /* Release */ = {
			isa = XCBuildConfiguration;
			buildSettings = {
				BUNDLE_LOADER = "$(TEST_HOST)";
				FRAMEWORK_SEARCH_PATHS = (
					"$(SDKROOT)/Developer/Library/Frameworks",
					"$(inherited)",
				);
				INFOPLIST_FILE = TWCTests/Info.plist;
				LD_RUNPATH_SEARCH_PATHS = "$(inherited) @executable_path/Frameworks @loader_path/Frameworks";
				PRODUCT_NAME = "$(TARGET_NAME)";
				TEST_HOST = "$(BUILT_PRODUCTS_DIR)/TWC.app/TWC";
			};
			name = Release;
		};
/* End XCBuildConfiguration section */

/* Begin XCConfigurationList section */
		FBD0156D1BA0C99700E8299A /* Build configuration list for PBXProject "TWC" */ = {
			isa = XCConfigurationList;
			buildConfigurations = (
				FBD015931BA0C99800E8299A /* Debug */,
				FBD015941BA0C99800E8299A /* Release */,
			);
			defaultConfigurationIsVisible = 0;
			defaultConfigurationName = Release;
		};
		FBD015951BA0C99800E8299A /* Build configuration list for PBXNativeTarget "TWC" */ = {
			isa = XCConfigurationList;
			buildConfigurations = (
				FBD015961BA0C99800E8299A /* Debug */,
				FBD015971BA0C99800E8299A /* Release */,
			);
			defaultConfigurationIsVisible = 0;
		};
		FBD015981BA0C99800E8299A /* Build configuration list for PBXNativeTarget "TWCTests" */ = {
			isa = XCConfigurationList;
			buildConfigurations = (
				FBD015991BA0C99800E8299A /* Debug */,
				FBD0159A1BA0C99800E8299A /* Release */,
			);
			defaultConfigurationIsVisible = 0;
		};
/* End XCConfigurationList section */
	};
	rootObject = FBD0156A1BA0C99700E8299A /* Project object */;
}
